
Microsoft Visual Studio Solution File, Format Version 12.00
# Visual Studio Version 17
VisualStudioVersion = 17.10.34928.147
MinimumVisualStudioVersion = 10.0.40219.1
Project("{FAE04EC0-301F-11D3-BF4B-00C04F79EFBC}") = "Business_Layer", "Business_Layer\Business_Layer.csproj", "{3286A5F5-29E1-49D0-ABD9-F531EBEA9B40}"
EndProject
Project("{FAE04EC0-301F-11D3-BF4B-00C04F79EFBC}") = "Data_Access_Layer", "Data_Access_Layer\Data_Access_Layer.csproj", "{217C986D-06A1-4413-96D5-6FB31139A9A2}"
EndProject
Project("{FAE04EC0-301F-11D3-BF4B-00C04F79EFBC}") = "Presentation_Layer", "Presentation_Layer\Presentation_Layer.csproj", "{D453E5AE-3A0F-4E23-B99B-4FDFC1A494EB}"
EndProject
Global
	GlobalSection(SolutionConfigurationPlatforms) = preSolution
		Debug|Any CPU = Debug|Any CPU
		Release|Any CPU = Release|Any CPU
	EndGlobalSection
	GlobalSection(ProjectConfigurationPlatforms) = postSolution
		{3286A5F5-29E1-49D0-ABD9-F531EBEA9B40}.Debug|Any CPU.ActiveCfg = Debug|Any CPU
		{3286A5F5-29E1-49D0-ABD9-F531EBEA9B40}.Debug|Any CPU.Build.0 = Debug|Any CPU
		{3286A5F5-29E1-49D0-ABD9-F531EBEA9B40}.Release|Any CPU.ActiveCfg = Release|Any CPU
		{3286A5F5-29E1-49D0-ABD9-F531EBEA9B40}.Release|Any CPU.Build.0 = Release|Any CPU
		{217C986D-06A1-4413-96D5-6FB31139A9A2}.Debug|Any CPU.ActiveCfg = Debug|Any CPU
		{217C986D-06A1-4413-96D5-6FB31139A9A2}.Debug|Any CPU.Build.0 = Debug|Any CPU
		{217C986D-06A1-4413-96D5-6FB31139A9A2}.Release|Any CPU.ActiveCfg = Release|Any CPU
		{217C986D-06A1-4413-96D5-6FB31139A9A2}.Release|Any CPU.Build.0 = Release|Any CPU
		{D453E5AE-3A0F-4E23-B99B-4FDFC1A494EB}.Debug|Any CPU.ActiveCfg = Debug|Any CPU
		{D453E5AE-3A0F-4E23-B99B-4FDFC1A494EB}.Debug|Any CPU.Build.0 = Debug|Any CPU
		{D453E5AE-3A0F-4E23-B99B-4FDFC1A494EB}.Release|Any CPU.ActiveCfg = Release|Any CPU
		{D453E5AE-3A0F-4E23-B99B-4FDFC1A494EB}.Release|Any CPU.Build.0 = Release|Any CPU
	EndGlobalSection
	GlobalSection(SolutionProperties) = preSolution
		HideSolutionNode = FALSE
	EndGlobalSection
	GlobalSection(ExtensibilityGlobals) = postSolution
		SolutionGuid = {575B3601-798C-4F17-9DCE-DF4D5E9DA73D}
	EndGlobalSection
EndGlobal
